
Microsoft Visual Studio Solution File, Format Version 12.00
# Visual Studio Version 17
VisualStudioVersion = 17.3.32922.545
MinimumVisualStudioVersion = 10.0.40219.1
Project("{FAE04EC0-301F-11D3-BF4B-00C04F79EFBC}") = "lesson_Task1", "Wpf_Lab6\lesson_Task1.csproj", "{5707AE21-CE6B-4439-B21E-AC92F29CD5ED}"
EndProject
Project("{FAE04EC0-301F-11D3-BF4B-00C04F79EFBC}") = "Lab6_HW_Task_Weather", "Lab6_HW_Task_Weather\Lab6_HW_Task_Weather.csproj", "{30E6E0BF-62BA-46E8-9C12-A4AF338466D2}"
EndProject
Global
	GlobalSection(SolutionConfigurationPlatforms) = preSolution
		Debug|Any CPU = Debug|Any CPU
		Release|Any CPU = Release|Any CPU
	EndGlobalSection
	GlobalSection(ProjectConfigurationPlatforms) = postSolution
		{5707AE21-CE6B-4439-B21E-AC92F29CD5ED}.Debug|Any CPU.ActiveCfg = Debug|Any CPU
		{5707AE21-CE6B-4439-B21E-AC92F29CD5ED}.Debug|Any CPU.Build.0 = Debug|Any CPU
		{5707AE21-CE6B-4439-B21E-AC92F29CD5ED}.Release|Any CPU.ActiveCfg = Release|Any CPU
		{5707AE21-CE6B-4439-B21E-AC92F29CD5ED}.Release|Any CPU.Build.0 = Release|Any CPU
		{30E6E0BF-62BA-46E8-9C12-A4AF338466D2}.Debug|Any CPU.ActiveCfg = Debug|Any CPU
		{30E6E0BF-62BA-46E8-9C12-A4AF338466D2}.Debug|Any CPU.Build.0 = Debug|Any CPU
		{30E6E0BF-62BA-46E8-9C12-A4AF338466D2}.Release|Any CPU.ActiveCfg = Release|Any CPU
		{30E6E0BF-62BA-46E8-9C12-A4AF338466D2}.Release|Any CPU.Build.0 = Release|Any CPU
	EndGlobalSection
	GlobalSection(SolutionProperties) = preSolution
		HideSolutionNode = FALSE
	EndGlobalSection
	GlobalSection(ExtensibilityGlobals) = postSolution
		SolutionGuid = {0F0EF196-543B-4F76-A50A-1D6E5465347A}
	EndGlobalSection
EndGlobal
